
Microsoft Visual Studio Solution File, Format Version 12.00
# Visual Studio Version 17
VisualStudioVersion = 17.8.34330.188
MinimumVisualStudioVersion = 10.0.40219.1
Project("{FAE04EC0-301F-11D3-BF4B-00C04F79EFBC}") = "VismaClient", "VismaClient\VismaClient.csproj", "{3623181F-5485-40C3-8D82-8141801A0843}"
EndProject
Project("{FAE04EC0-301F-11D3-BF4B-00C04F79EFBC}") = "VismaAPI", "VismaAPI\VismaAPI.csproj", "{DE8F0F17-767C-4DE2-B9C2-02A52E90C92C}"
EndProject
Global
	GlobalSection(SolutionConfigurationPlatforms) = preSolution
		Debug|Any CPU = Debug|Any CPU
		Release|Any CPU = Release|Any CPU
	EndGlobalSection
	GlobalSection(ProjectConfigurationPlatforms) = postSolution
		{3623181F-5485-40C3-8D82-8141801A0843}.Debug|Any CPU.ActiveCfg = Debug|Any CPU
		{3623181F-5485-40C3-8D82-8141801A0843}.Debug|Any CPU.Build.0 = Debug|Any CPU
		{3623181F-5485-40C3-8D82-8141801A0843}.Release|Any CPU.ActiveCfg = Release|Any CPU
		{3623181F-5485-40C3-8D82-8141801A0843}.Release|Any CPU.Build.0 = Release|Any CPU
		{DE8F0F17-767C-4DE2-B9C2-02A52E90C92C}.Debug|Any CPU.ActiveCfg = Debug|Any CPU
		{DE8F0F17-767C-4DE2-B9C2-02A52E90C92C}.Debug|Any CPU.Build.0 = Debug|Any CPU
		{DE8F0F17-767C-4DE2-B9C2-02A52E90C92C}.Release|Any CPU.ActiveCfg = Release|Any CPU
		{DE8F0F17-767C-4DE2-B9C2-02A52E90C92C}.Release|Any CPU.Build.0 = Release|Any CPU
	EndGlobalSection
	GlobalSection(SolutionProperties) = preSolution
		HideSolutionNode = FALSE
	EndGlobalSection
	GlobalSection(ExtensibilityGlobals) = postSolution
		SolutionGuid = {B409B48B-73FF-46BC-81BB-F63B31640F37}
	EndGlobalSection
EndGlobal
